
Microsoft Visual Studio Solution File, Format Version 12.00
# Visual Studio Version 17
VisualStudioVersion = 17.9.34902.65
MinimumVisualStudioVersion = 10.0.40219.1
Project("{FAE04EC0-301F-11D3-BF4B-00C04F79EFBC}") = "OnlineBookShop", "OnlineBookShop.csproj", "{027D66A4-8035-4244-8F27-68BAA40014C5}"
EndProject
Global
	GlobalSection(SolutionConfigurationPlatforms) = preSolution
		Debug|Any CPU = Debug|Any CPU
		Release|Any CPU = Release|Any CPU
	EndGlobalSection
	GlobalSection(ProjectConfigurationPlatforms) = postSolution
		{027D66A4-8035-4244-8F27-68BAA40014C5}.Debug|Any CPU.ActiveCfg = Debug|Any CPU
		{027D66A4-8035-4244-8F27-68BAA40014C5}.Debug|Any CPU.Build.0 = Debug|Any CPU
		{027D66A4-8035-4244-8F27-68BAA40014C5}.Release|Any CPU.ActiveCfg = Release|Any CPU
		{027D66A4-8035-4244-8F27-68BAA40014C5}.Release|Any CPU.Build.0 = Release|Any CPU
	EndGlobalSection
	GlobalSection(SolutionProperties) = preSolution
		HideSolutionNode = FALSE
	EndGlobalSection
	GlobalSection(ExtensibilityGlobals) = postSolution
		SolutionGuid = {A0775C69-D1F8-40E4-B857-ED54AA270CF8}
	EndGlobalSection
EndGlobal
